
Microsoft Visual Studio Solution File, Format Version 12.00
# Visual Studio Version 16
VisualStudioVersion = 16.0.31424.327
MinimumVisualStudioVersion = 10.0.40219.1
Project("{FAE04EC0-301F-11D3-BF4B-00C04F79EFBC}") = "AddressBook", "AddressBook.csproj", "{095FAA3B-22D0-48F5-998F-1DF9BF9FC0ED}"
EndProject
Global
	GlobalSection(SolutionConfigurationPlatforms) = preSolution
		Debug|Any CPU = Debug|Any CPU
		Release|Any CPU = Release|Any CPU
	EndGlobalSection
	GlobalSection(ProjectConfigurationPlatforms) = postSolution
		{095FAA3B-22D0-48F5-998F-1DF9BF9FC0ED}.Debug|Any CPU.ActiveCfg = Debug|Any CPU
		{095FAA3B-22D0-48F5-998F-1DF9BF9FC0ED}.Debug|Any CPU.Build.0 = Debug|Any CPU
		{095FAA3B-22D0-48F5-998F-1DF9BF9FC0ED}.Release|Any CPU.ActiveCfg = Release|Any CPU
		{095FAA3B-22D0-48F5-998F-1DF9BF9FC0ED}.Release|Any CPU.Build.0 = Release|Any CPU
	EndGlobalSection
	GlobalSection(SolutionProperties) = preSolution
		HideSolutionNode = FALSE
	EndGlobalSection
	GlobalSection(ExtensibilityGlobals) = postSolution
		SolutionGuid = {4CAE21F4-9979-4635-8971-DAA9BEC7CE09}
	EndGlobalSection
EndGlobal
